
Microsoft Visual Studio Solution File, Format Version 12.00
# Visual Studio Version 17
VisualStudioVersion = 17.9.34728.123
MinimumVisualStudioVersion = 10.0.40219.1
Project("{FAE04EC0-301F-11D3-BF4B-00C04F79EFBC}") = "PizzaOrder", "PizzaOrder.csproj", "{BAEBA9C1-4751-4326-A252-50BFFDC2001B}"
EndProject
Global
	GlobalSection(SolutionConfigurationPlatforms) = preSolution
		Debug|Any CPU = Debug|Any CPU
		Release|Any CPU = Release|Any CPU
	EndGlobalSection
	GlobalSection(ProjectConfigurationPlatforms) = postSolution
		{BAEBA9C1-4751-4326-A252-50BFFDC2001B}.Debug|Any CPU.ActiveCfg = Debug|Any CPU
		{BAEBA9C1-4751-4326-A252-50BFFDC2001B}.Debug|Any CPU.Build.0 = Debug|Any CPU
		{BAEBA9C1-4751-4326-A252-50BFFDC2001B}.Release|Any CPU.ActiveCfg = Release|Any CPU
		{BAEBA9C1-4751-4326-A252-50BFFDC2001B}.Release|Any CPU.Build.0 = Release|Any CPU
	EndGlobalSection
	GlobalSection(SolutionProperties) = preSolution
		HideSolutionNode = FALSE
	EndGlobalSection
	GlobalSection(ExtensibilityGlobals) = postSolution
		SolutionGuid = {916E2DDE-F52F-4B6F-87AB-22DD2E36B41F}
	EndGlobalSection
EndGlobal
